// !$*UTF8*$!
{
	archiveVersion = 1;
	classes = {
	};
	objectVersion = 46;
	objects = {

/* Begin PBXBuildFile section */
		D91364B219FFF12C00158978 /* AppDelegate.swift in Sources */ = {isa = PBXBuildFile; fileRef = D91364B119FFF12C00158978 /* AppDelegate.swift */; };
		D91364B419FFF12C00158978 /* ViewController.swift in Sources */ = {isa = PBXBuildFile; fileRef = D91364B319FFF12C00158978 /* ViewController.swift */; };
		D91364B719FFF12C00158978 /* Main.storyboard in Resources */ = {isa = PBXBuildFile; fileRef = D91364B519FFF12C00158978 /* Main.storyboard */; };
		D91364B919FFF12C00158978 /* Images.xcassets in Resources */ = {isa = PBXBuildFile; fileRef = D91364B819FFF12C00158978 /* Images.xcassets */; };
		D91364BC19FFF12C00158978 /* LaunchScreen.xib in Resources */ = {isa = PBXBuildFile; fileRef = D91364BA19FFF12C00158978 /* LaunchScreen.xib */; };
		D91364C819FFF12C00158978 /* ConceptEventEngineTests.swift in Sources */ = {isa = PBXBuildFile; fileRef = D91364C719FFF12C00158978 /* ConceptEventEngineTests.swift */; };
		D91364D219FFF15A00158978 /* Engine.swift in Sources */ = {isa = PBXBuildFile; fileRef = D91364D119FFF15A00158978 /* Engine.swift */; };
		D91364D419FFF2D500158978 /* Entity.swift in Sources */ = {isa = PBXBuildFile; fileRef = D91364D319FFF2D500158978 /* Entity.swift */; };
		D91364D619FFF34F00158978 /* Queue.swift in Sources */ = {isa = PBXBuildFile; fileRef = D91364D519FFF34F00158978 /* Queue.swift */; };
		D91364D819FFF75900158978 /* Event.swift in Sources */ = {isa = PBXBuildFile; fileRef = D91364D719FFF75900158978 /* Event.swift */; };
		D91364DA19FFF7FC00158978 /* TestLib.swift in Sources */ = {isa = PBXBuildFile; fileRef = D91364D919FFF7FC00158978 /* TestLib.swift */; };
		D9333A2E1A09361D00CF0C71 /* Events.swift in Sources */ = {isa = PBXBuildFile; fileRef = D9333A2D1A09361D00CF0C71 /* Events.swift */; };
/* End PBXBuildFile section */

/* Begin PBXContainerItemProxy section */
		D91364C219FFF12C00158978 /* PBXContainerItemProxy */ = {
			isa = PBXContainerItemProxy;
			containerPortal = D91364A419FFF12C00158978 /* Project object */;
			proxyType = 1;
			remoteGlobalIDString = D91364AB19FFF12C00158978;
			remoteInfo = ConceptEventEngine;
		};
/* End PBXContainerItemProxy section */

/* Begin PBXFileReference section */
		D91364AC19FFF12C00158978 /* ConceptEventEngine.app */ = {isa = PBXFileReference; explicitFileType = wrapper.application; includeInIndex = 0; path = ConceptEventEngine.app; sourceTree = BUILT_PRODUCTS_DIR; };
		D91364B019FFF12C00158978 /* Info.plist */ = {isa = PBXFileReference; lastKnownFileType = text.plist.xml; path = Info.plist; sourceTree = "<group>"; };
		D91364B119FFF12C00158978 /* AppDelegate.swift */ = {isa = PBXFileReference; lastKnownFileType = sourcecode.swift; path = AppDelegate.swift; sourceTree = "<group>"; };
		D91364B319FFF12C00158978 /* ViewController.swift */ = {isa = PBXFileReference; lastKnownFileType = sourcecode.swift; path = ViewController.swift; sourceTree = "<group>"; };
		D91364B619FFF12C00158978 /* Base */ = {isa = PBXFileReference; lastKnownFileType = file.storyboard; name = Base; path = Base.lproj/Main.storyboard; sourceTree = "<group>"; };
		D91364B819FFF12C00158978 /* Images.xcassets */ = {isa = PBXFileReference; lastKnownFileType = folder.assetcatalog; path = Images.xcassets; sourceTree = "<group>"; };
		D91364BB19FFF12C00158978 /* Base */ = {isa = PBXFileReference; lastKnownFileType = file.xib; name = Base; path = Base.lproj/LaunchScreen.xib; sourceTree = "<group>"; };
		D91364C119FFF12C00158978 /* ConceptEventEngineTests.xctest */ = {isa = PBXFileReference; explicitFileType = wrapper.cfbundle; includeInIndex = 0; path = ConceptEventEngineTests.xctest; sourceTree = BUILT_PRODUCTS_DIR; };
		D91364C619FFF12C00158978 /* Info.plist */ = {isa = PBXFileReference; lastKnownFileType = text.plist.xml; path = Info.plist; sourceTree = "<group>"; };
		D91364C719FFF12C00158978 /* ConceptEventEngineTests.swift */ = {isa = PBXFileReference; lastKnownFileType = sourcecode.swift; path = ConceptEventEngineTests.swift; sourceTree = "<group>"; };
		D91364D119FFF15A00158978 /* Engine.swift */ = {isa = PBXFileReference; fileEncoding = 4; lastKnownFileType = sourcecode.swift; path = Engine.swift; sourceTree = "<group>"; };
		D91364D319FFF2D500158978 /* Entity.swift */ = {isa = PBXFileReference; fileEncoding = 4; lastKnownFileType = sourcecode.swift; path = Entity.swift; sourceTree = "<group>"; };
		D91364D519FFF34F00158978 /* Queue.swift */ = {isa = PBXFileReference; fileEncoding = 4; lastKnownFileType = sourcecode.swift; path = Queue.swift; sourceTree = "<group>"; };
		D91364D719FFF75900158978 /* Event.swift */ = {isa = PBXFileReference; fileEncoding = 4; lastKnownFileType = sourcecode.swift; path = Event.swift; sourceTree = "<group>"; };
		D91364D919FFF7FC00158978 /* TestLib.swift */ = {isa = PBXFileReference; fileEncoding = 4; lastKnownFileType = sourcecode.swift; path = TestLib.swift; sourceTree = "<group>"; };
		D9333A2D1A09361D00CF0C71 /* Events.swift */ = {isa = PBXFileReference; fileEncoding = 4; lastKnownFileType = sourcecode.swift; path = Events.swift; sourceTree = "<group>"; };
/* End PBXFileReference section */

/* Begin PBXFrameworksBuildPhase section */
		D91364A919FFF12C00158978 /* Frameworks */ = {
			isa = PBXFrameworksBuildPhase;
			buildActionMask = 2147483647;
			files = (
			);
			runOnlyForDeploymentPostprocessing = 0;
		};
		D91364BE19FFF12C00158978 /* Frameworks */ = {
			isa = PBXFrameworksBuildPhase;
			buildActionMask = 2147483647;
			files = (
			);
			runOnlyForDeploymentPostprocessing = 0;
		};
/* End PBXFrameworksBuildPhase section */

/* Begin PBXGroup section */
		D91364A319FFF12C00158978 = {
			isa = PBXGroup;
			children = (
				D91364AE19FFF12C00158978 /* ConceptEventEngine */,
				D91364C419FFF12C00158978 /* ConceptEventEngineTests */,
				D91364AD19FFF12C00158978 /* Products */,
			);
			sourceTree = "<group>";
		};
		D91364AD19FFF12C00158978 /* Products */ = {
			isa = PBXGroup;
			children = (
				D91364AC19FFF12C00158978 /* ConceptEventEngine.app */,
				D91364C119FFF12C00158978 /* ConceptEventEngineTests.xctest */,
			);
			name = Products;
			sourceTree = "<group>";
		};
		D91364AE19FFF12C00158978 /* ConceptEventEngine */ = {
			isa = PBXGroup;
			children = (
				D91364B119FFF12C00158978 /* AppDelegate.swift */,
				D91364D119FFF15A00158978 /* Engine.swift */,
				D91364D919FFF7FC00158978 /* TestLib.swift */,
				D91364D519FFF34F00158978 /* Queue.swift */,
				D91364D319FFF2D500158978 /* Entity.swift */,
				D91364B319FFF12C00158978 /* ViewController.swift */,
				D91364B519FFF12C00158978 /* Main.storyboard */,
				D91364B819FFF12C00158978 /* Images.xcassets */,
				D91364BA19FFF12C00158978 /* LaunchScreen.xib */,
				D91364AF19FFF12C00158978 /* Supporting Files */,
				D91364D719FFF75900158978 /* Event.swift */,
				D9333A2D1A09361D00CF0C71 /* Events.swift */,
			);
			path = ConceptEventEngine;
			sourceTree = "<group>";
		};
		D91364AF19FFF12C00158978 /* Supporting Files */ = {
			isa = PBXGroup;
			children = (
				D91364B019FFF12C00158978 /* Info.plist */,
			);
			name = "Supporting Files";
			sourceTree = "<group>";
		};
		D91364C419FFF12C00158978 /* ConceptEventEngineTests */ = {
			isa = PBXGroup;
			children = (
				D91364C719FFF12C00158978 /* ConceptEventEngineTests.swift */,
				D91364C519FFF12C00158978 /* Supporting Files */,
			);
			path = ConceptEventEngineTests;
			sourceTree = "<group>";
		};
		D91364C519FFF12C00158978 /* Supporting Files */ = {
			isa = PBXGroup;
			children = (
				D91364C619FFF12C00158978 /* Info.plist */,
			);
			name = "Supporting Files";
			sourceTree = "<group>";
		};
/* End PBXGroup section */

/* Begin PBXNativeTarget section */
		D91364AB19FFF12C00158978 /* ConceptEventEngine */ = {
			isa = PBXNativeTarget;
			buildConfigurationList = D91364CB19FFF12C00158978 /* Build configuration list for PBXNativeTarget "ConceptEventEngine" */;
			buildPhases = (
				D91364A819FFF12C00158978 /* Sources */,
				D91364A919FFF12C00158978 /* Frameworks */,
				D91364AA19FFF12C00158978 /* Resources */,
			);
			buildRules = (
			);
			dependencies = (
			);
			name = ConceptEventEngine;
			productName = ConceptEventEngine;
			productReference = D91364AC19FFF12C00158978 /* ConceptEventEngine.app */;
			productType = "com.apple.product-type.application";
		};
		D91364C019FFF12C00158978 /* ConceptEventEngineTests */ = {
			isa = PBXNativeTarget;
			buildConfigurationList = D91364CE19FFF12C00158978 /* Build configuration list for PBXNativeTarget "ConceptEventEngineTests" */;
			buildPhases = (
				D91364BD19FFF12C00158978 /* Sources */,
				D91364BE19FFF12C00158978 /* Frameworks */,
				D91364BF19FFF12C00158978 /* Resources */,
			);
			buildRules = (
			);
			dependencies = (
				D91364C319FFF12C00158978 /* PBXTargetDependency */,
			);
			name = ConceptEventEngineTests;
			productName = ConceptEventEngineTests;
			productReference = D91364C119FFF12C00158978 /* ConceptEventEngineTests.xctest */;
			productType = "com.apple.product-type.bundle.unit-test";
		};
/* End PBXNativeTarget section */

/* Begin PBXProject section */
		D91364A419FFF12C00158978 /* Project object */ = {
			isa = PBXProject;
			attributes = {
				LastUpgradeCheck = 0610;
				ORGANIZATIONNAME = "Austin Tooley";
				TargetAttributes = {
					D91364AB19FFF12C00158978 = {
						CreatedOnToolsVersion = 6.1;
					};
					D91364C019FFF12C00158978 = {
						CreatedOnToolsVersion = 6.1;
						TestTargetID = D91364AB19FFF12C00158978;
					};
				};
			};
			buildConfigurationList = D91364A719FFF12C00158978 /* Build configuration list for PBXProject "ConceptEventEngine" */;
			compatibilityVersion = "Xcode 3.2";
			developmentRegion = English;
			hasScannedForEncodings = 0;
			knownRegions = (
				en,
				Base,
			);
			mainGroup = D91364A319FFF12C00158978;
			productRefGroup = D91364AD19FFF12C00158978 /* Products */;
			projectDirPath = "";
			projectRoot = "";
			targets = (
				D91364AB19FFF12C00158978 /* ConceptEventEngine */,
				D91364C019FFF12C00158978 /* ConceptEventEngineTests */,
			);
		};
/* End PBXProject section */

/* Begin PBXResourcesBuildPhase section */
		D91364AA19FFF12C00158978 /* Resources */ = {
			isa = PBXResourcesBuildPhase;
			buildActionMask = 2147483647;
			files = (
				D91364B719FFF12C00158978 /* Main.storyboard in Resources */,
				D91364BC19FFF12C00158978 /* LaunchScreen.xib in Resources */,
				D91364B919FFF12C00158978 /* Images.xcassets in Resources */,
			);
			runOnlyForDeploymentPostprocessing = 0;
		};
		D91364BF19FFF12C00158978 /* Resources */ = {
			isa = PBXResourcesBuildPhase;
			buildActionMask = 2147483647;
			files = (
			);
			runOnlyForDeploymentPostprocessing = 0;
		};
/* End PBXResourcesBuildPhase section */

/* Begin PBXSourcesBuildPhase section */
		D91364A819FFF12C00158978 /* Sources */ = {
			isa = PBXSourcesBuildPhase;
			buildActionMask = 2147483647;
			files = (
				D91364D619FFF34F00158978 /* Queue.swift in Sources */,
				D91364D419FFF2D500158978 /* Entity.swift in Sources */,
				D91364DA19FFF7FC00158978 /* TestLib.swift in Sources */,
				D91364B419FFF12C00158978 /* ViewController.swift in Sources */,
				D9333A2E1A09361D00CF0C71 /* Events.swift in Sources */,
				D91364D219FFF15A00158978 /* Engine.swift in Sources */,
				D91364D819FFF75900158978 /* Event.swift in Sources */,
				D91364B219FFF12C00158978 /* AppDelegate.swift in Sources */,
			);
			runOnlyForDeploymentPostprocessing = 0;
		};
		D91364BD19FFF12C00158978 /* Sources */ = {
			isa = PBXSourcesBuildPhase;
			buildActionMask = 2147483647;
			files = (
				D91364C819FFF12C00158978 /* ConceptEventEngineTests.swift in Sources */,
			);
			runOnlyForDeploymentPostprocessing = 0;
		};
/* End PBXSourcesBuildPhase section */

/* Begin PBXTargetDependency section */
		D91364C319FFF12C00158978 /* PBXTargetDependency */ = {
			isa = PBXTargetDependency;
			target = D91364AB19FFF12C00158978 /* ConceptEventEngine */;
			targetProxy = D91364C219FFF12C00158978 /* PBXContainerItemProxy */;
		};
/* End PBXTargetDependency section */

/* Begin PBXVariantGroup section */
		D91364B519FFF12C00158978 /* Main.storyboard */ = {
			isa = PBXVariantGroup;
			children = (
				D91364B619FFF12C00158978 /* Base */,
			);
			name = Main.storyboard;
			sourceTree = "<group>";
		};
		D91364BA19FFF12C00158978 /* LaunchScreen.xib */ = {
			isa = PBXVariantGroup;
			children = (
				D91364BB19FFF12C00158978 /* Base */,
			);
			name = LaunchScreen.xib;
			sourceTree = "<group>";
		};
/* End PBXVariantGroup section */

/* Begin XCBuildConfiguration section */
		D91364C919FFF12C00158978 /* Debug */ = {
			isa = XCBuildConfiguration;
			buildSettings = {
				ALWAYS_SEARCH_USER_PATHS = NO;
				CLANG_CXX_LANGUAGE_STANDARD = "gnu++0x";
				CLANG_CXX_LIBRARY = "libc++";
				CLANG_ENABLE_MODULES = YES;
				CLANG_ENABLE_OBJC_ARC = YES;
				CLANG_WARN_BOOL_CONVERSION = YES;
				CLANG_WARN_CONSTANT_CONVERSION = YES;
				CLANG_WARN_DIRECT_OBJC_ISA_USAGE = YES_ERROR;
				CLANG_WARN_EMPTY_BODY = YES;
				CLANG_WARN_ENUM_CONVERSION = YES;
				CLANG_WARN_INT_CONVERSION = YES;
				CLANG_WARN_OBJC_ROOT_CLASS = YES_ERROR;
				CLANG_WARN_UNREACHABLE_CODE = YES;
				CLANG_WARN__DUPLICATE_METHOD_MATCH = YES;
				"CODE_SIGN_IDENTITY[sdk=iphoneos*]" = "iPhone Developer";
				COPY_PHASE_STRIP = NO;
				ENABLE_STRICT_OBJC_MSGSEND = YES;
				GCC_C_LANGUAGE_STANDARD = gnu99;
				GCC_DYNAMIC_NO_PIC = NO;
				GCC_OPTIMIZATION_LEVEL = 0;
				GCC_PREPROCESSOR_DEFINITIONS = (
					"DEBUG=1",
					"$(inherited)",
				);
				GCC_SYMBOLS_PRIVATE_EXTERN = NO;
				GCC_WARN_64_TO_32_BIT_CONVERSION = YES;
				GCC_WARN_ABOUT_RETURN_TYPE = YES_ERROR;
				GCC_WARN_UNDECLARED_SELECTOR = YES;
				GCC_WARN_UNINITIALIZED_AUTOS = YES_AGGRESSIVE;
				GCC_WARN_UNUSED_FUNCTION = YES;
				GCC_WARN_UNUSED_VARIABLE = YES;
				IPHONEOS_DEPLOYMENT_TARGET = 8.1;
				MTL_ENABLE_DEBUG_INFO = YES;
				ONLY_ACTIVE_ARCH = YES;
				SDKROOT = iphoneos;
				SWIFT_OPTIMIZATION_LEVEL = "-Onone";
				TARGETED_DEVICE_FAMILY = "1,2";
			};
			name = Debug;
		};
		D91364CA19FFF12C00158978 /* Release */ = {
			isa = XCBuildConfiguration;
			buildSettings = {
				ALWAYS_SEARCH_USER_PATHS = NO;
				CLANG_CXX_LANGUAGE_STANDARD = "gnu++0x";
				CLANG_CXX_LIBRARY = "libc++";
				CLANG_ENABLE_MODULES = YES;
				CLANG_ENABLE_OBJC_ARC = YES;
				CLANG_WARN_BOOL_CONVERSION = YES;
				CLANG_WARN_CONSTANT_CONVERSION = YES;
				CLANG_WARN_DIRECT_OBJC_ISA_USAGE = YES_ERROR;
				CLANG_WARN_EMPTY_BODY = YES;
				CLANG_WARN_ENUM_CONVERSION = YES;
				CLANG_WARN_INT_CONVERSION = YES;
				CLANG_WARN_OBJC_ROOT_CLASS = YES_ERROR;
				CLANG_WARN_UNREACHABLE_CODE = YES;
				CLANG_WARN__DUPLICATE_METHOD_MATCH = YES;
				"CODE_SIGN_IDENTITY[sdk=iphoneos*]" = "iPhone Developer";
				COPY_PHASE_STRIP = YES;
				ENABLE_NS_ASSERTIONS = NO;
				ENABLE_STRICT_OBJC_MSGSEND = YES;
				GCC_C_LANGUAGE_STANDARD = gnu99;
				GCC_WARN_64_TO_32_BIT_CONVERSION = YES;
				GCC_WARN_ABOUT_RETURN_TYPE = YES_ERROR;
				GCC_WARN_UNDECLARED_SELECTOR = YES;
				GCC_WARN_UNINITIALIZED_AUTOS = YES_AGGRESSIVE;
				GCC_WARN_UNUSED_FUNCTION = YES;
				GCC_WARN_UNUSED_VARIABLE = YES;
				IPHONEOS_DEPLOYMENT_TARGET = 8.1;
				MTL_ENABLE_DEBUG_INFO = NO;
				SDKROOT = iphoneos;
				TARGETED_DEVICE_FAMILY = "1,2";
				VALIDATE_PRODUCT = YES;
			};
			name = Release;
		};
		D91364CC19FFF12C00158978 /* Debug */ = {
			isa = XCBuildConfiguration;
			buildSettings = {
				ASSETCATALOG_COMPILER_APPICON_NAME = AppIcon;
				INFOPLIST_FILE = ConceptEventEngine/Info.plist;
				LD_RUNPATH_SEARCH_PATHS = "$(inherited) @executable_path/Frameworks";
				PRODUCT_NAME = "$(TARGET_NAME)";
			};
			name = Debug;
		};
		D91364CD19FFF12C00158978 /* Release */ = {
			isa = XCBuildConfiguration;
			buildSettings = {
				ASSETCATALOG_COMPILER_APPICON_NAME = AppIcon;
				INFOPLIST_FILE = ConceptEventEngine/Info.plist;
				LD_RUNPATH_SEARCH_PATHS = "$(inherited) @executable_path/Frameworks";
				PRODUCT_NAME = "$(TARGET_NAME)";
			};
			name = Release;
		};
		D91364CF19FFF12C00158978 /* Debug */ = {
			isa = XCBuildConfiguration;
			buildSettings = {
				BUNDLE_LOADER = "$(TEST_HOST)";
				FRAMEWORK_SEARCH_PATHS = (
					"$(SDKROOT)/Developer/Library/Frameworks",
					"$(inherited)",
				);
				GCC_PREPROCESSOR_DEFINITIONS = (
					"DEBUG=1",
					"$(inherited)",
				);
				INFOPLIST_FILE = ConceptEventEngineTests/Info.plist;
				LD_RUNPATH_SEARCH_PATHS = "$(inherited) @executable_path/Frameworks @loader_path/Frameworks";
				PRODUCT_NAME = "$(TARGET_NAME)";
				TEST_HOST = "$(BUILT_PRODUCTS_DIR)/ConceptEventEngine.app/ConceptEventEngine";
			};
			name = Debug;
		};
		D91364D019FFF12C00158978 /* Release */ = {
			isa = XCBuildConfiguration;
			buildSettings = {
				BUNDLE_LOADER = "$(TEST_HOST)";
				FRAMEWORK_SEARCH_PATHS = (
					"$(SDKROOT)/Developer/Library/Frameworks",
					"$(inherited)",
				);
				INFOPLIST_FILE = ConceptEventEngineTests/Info.plist;
				LD_RUNPATH_SEARCH_PATHS = "$(inherited) @executable_path/Frameworks @loader_path/Frameworks";
				PRODUCT_NAME = "$(TARGET_NAME)";
				TEST_HOST = "$(BUILT_PRODUCTS_DIR)/ConceptEventEngine.app/ConceptEventEngine";
			};
			name = Release;
		};
/* End XCBuildConfiguration section */

/* Begin XCConfigurationList section */
		D91364A719FFF12C00158978 /* Build configuration list for PBXProject "ConceptEventEngine" */ = {
			isa = XCConfigurationList;
			buildConfigurations = (
				D91364C919FFF12C00158978 /* Debug */,
				D91364CA19FFF12C00158978 /* Release */,
			);
			defaultConfigurationIsVisible = 0;
			defaultConfigurationName = Release;
		};
		D91364CB19FFF12C00158978 /* Build configuration list for PBXNativeTarget "ConceptEventEngine" */ = {
			isa = XCConfigurationList;
			buildConfigurations = (
				D91364CC19FFF12C00158978 /* Debug */,
				D91364CD19FFF12C00158978 /* Release */,
			);
			defaultConfigurationIsVisible = 0;
			defaultConfigurationName = Release;
		};
		D91364CE19FFF12C00158978 /* Build configuration list for PBXNativeTarget "ConceptEventEngineTests" */ = {
			isa = XCConfigurationList;
			buildConfigurations = (
				D91364CF19FFF12C00158978 /* Debug */,
				D91364D019FFF12C00158978 /* Release */,
			);
			defaultConfigurationIsVisible = 0;
			defaultConfigurationName = Release;
		};
/* End XCConfigurationList section */
	};
	rootObject = D91364A419FFF12C00158978 /* Project object */;
}
